// !$*UTF8*$!
{
	archiveVersion = 1;
	classes = {
	};
	objectVersion = 77;
	objects = {

/* Begin PBXBuildFile section */
		0C0958A98ED0BC8389BBA0C9 /* DocumentRecord.swift in Sources */ = {isa = PBXBuildFile; fileRef = EF537CE863340AB823C51D5C /* DocumentRecord.swift */; };
		2423CFECF69765FB09B4592A /* DocumentListView.swift in Sources */ = {isa = PBXBuildFile; fileRef = 051CE3481269CA75C84B0B72 /* DocumentListView.swift */; };
		3B85F44C2EB7738FBD586818 /* DeferredSelectionState.swift in Sources */ = {isa = PBXBuildFile; fileRef = A1C271308AF16C589CE96C8B /* DeferredSelectionState.swift */; };
		0412772DFA454654BC687BBF /* StringNormalization.swift in Sources */ = {isa = PBXBuildFile; fileRef = 19559D6E004F46599D8D9CCF /* StringNormalization.swift */; };
		3C5C703826BEB50F7BCFF836 /* DocNestApp.swift in Sources */ = {isa = PBXBuildFile; fileRef = 45B34DF5ACFF5069169049C6 /* DocNestApp.swift */; };
		3EB178A6D0FFD0F4CB64DA1D /* AppTypography.swift in Sources */ = {isa = PBXBuildFile; fileRef = 29A4179D6FD2BD0370A1E9A7 /* AppTypography.swift */; };
		3F363A692F6A0A9B008A3A41 /* AboutWindowController.swift in Sources */ = {isa = PBXBuildFile; fileRef = 3F363A682F6A0A9B008A3A41 /* AboutWindowController.swift */; };
		3F38EC862F63E3D500389314 /* ThumbnailCache.swift in Sources */ = {isa = PBXBuildFile; fileRef = 3F38EC852F63E3D500389314 /* ThumbnailCache.swift */; };
		3F38EC882F63E42000389314 /* LibraryCoordinator.swift in Sources */ = {isa = PBXBuildFile; fileRef = 3F38EC872F63E42000389314 /* LibraryCoordinator.swift */; };
		3F67E41A2F66E391006439C6 /* ExtractDocumentTextUseCase.swift in Sources */ = {isa = PBXBuildFile; fileRef = 3F67E4192F66E391006439C6 /* ExtractDocumentTextUseCase.swift */; };
		3F67E41C2F66E502006439C6 /* QuickLookCoordinator.swift in Sources */ = {isa = PBXBuildFile; fileRef = 3F67E41B2F66E502006439C6 /* QuickLookCoordinator.swift */; };
		3F67E41E2F66E50C006439C6 /* QuickLookPanelResponder.swift in Sources */ = {isa = PBXBuildFile; fileRef = 3F67E41D2F66E50C006439C6 /* QuickLookPanelResponder.swift */; };
		3F67E4202F67640F006439C6 /* ExportDocumentsUseCase.swift in Sources */ = {isa = PBXBuildFile; fileRef = 3F67E41F2F67640F006439C6 /* ExportDocumentsUseCase.swift */; };
		3F908CD42F6E032200CE6FC4 /* LabelGroup.swift in Sources */ = {isa = PBXBuildFile; fileRef = 3F908CD32F6E032200CE6FC4 /* LabelGroup.swift */; };
		3F908CD62F6E037F00CE6FC4 /* ManageLabelGroupsUseCase.swift in Sources */ = {isa = PBXBuildFile; fileRef = 3F908CD52F6E037F00CE6FC4 /* ManageLabelGroupsUseCase.swift */; };
		3F908CD82F6E03CF00CE6FC4 /* LabelEditorSheet.swift in Sources */ = {isa = PBXBuildFile; fileRef = 3F908CD72F6E03CF00CE6FC4 /* LabelEditorSheet.swift */; };
		3FA039F52F709CCA0005D532 /* WatchFolder.swift in Sources */ = {isa = PBXBuildFile; fileRef = 3FA039F42F709CCA0005D532 /* WatchFolder.swift */; };
		3FA039F72F709CF60005D532 /* ManageWatchFoldersUseCase.swift in Sources */ = {isa = PBXBuildFile; fileRef = 3FA039F62F709CF60005D532 /* ManageWatchFoldersUseCase.swift */; };
		3FA039F92F709D0C0005D532 /* FolderMonitorService.swift in Sources */ = {isa = PBXBuildFile; fileRef = 3FA039F82F709D0C0005D532 /* FolderMonitorService.swift */; };
		3FA039FB2F709D530005D532 /* WatchFolderEditorSheet.swift in Sources */ = {isa = PBXBuildFile; fileRef = 3FA039FA2F709D530005D532 /* WatchFolderEditorSheet.swift */; };
		3FA039FD2F709FAB0005D532 /* WatchFolderSettingsCommand.swift in Sources */ = {isa = PBXBuildFile; fileRef = 3FA039FC2F709FAB0005D532 /* WatchFolderSettingsCommand.swift */; };
		3FA039FF2F709FC00005D532 /* WatchFolderSettingsView.swift in Sources */ = {isa = PBXBuildFile; fileRef = 3FA039FE2F709FC00005D532 /* WatchFolderSettingsView.swift */; };
		3FDFEB852F6F496F00425275 /* QuickLabelPickerCommand.swift in Sources */ = {isa = PBXBuildFile; fileRef = 3FDFEB842F6F496F00425275 /* QuickLabelPickerCommand.swift */; };
		3FDFEB872F6F49B800425275 /* QuickLabelPickerView.swift in Sources */ = {isa = PBXBuildFile; fileRef = 3FDFEB862F6F49B800425275 /* QuickLabelPickerView.swift */; };
		3FDFEB892F6F4E6B00425275 /* LabelManagerCommand.swift in Sources */ = {isa = PBXBuildFile; fileRef = 3FDFEB882F6F4E6B00425275 /* LabelManagerCommand.swift */; };
		3FDFEB8B2F6F4EC800425275 /* LabelManagerSheet.swift in Sources */ = {isa = PBXBuildFile; fileRef = 3FDFEB8A2F6F4EC800425275 /* LabelManagerSheet.swift */; };
		3FE52D862F6B5EBB007DB86E /* ServicesProvider.swift in Sources */ = {isa = PBXBuildFile; fileRef = 3FE52D852F6B5EBB007DB86E /* ServicesProvider.swift */; };
		3FF08EEC2F6D80C400770D38 /* SmartFolder.swift in Sources */ = {isa = PBXBuildFile; fileRef = 3FF08EEB2F6D80C400770D38 /* SmartFolder.swift */; };
		3FF08EEE2F6D80C400770D38 /* ManageSmartFoldersUseCase.swift in Sources */ = {isa = PBXBuildFile; fileRef = 3FF08EED2F6D80C400770D38 /* ManageSmartFoldersUseCase.swift */; };
		3FF08EF02F6D826900770D38 /* SmartFolderEditorSheet.swift in Sources */ = {isa = PBXBuildFile; fileRef = 3FF08EEF2F6D826900770D38 /* SmartFolderEditorSheet.swift */; };
		3FFBC7592F704C4600FA359D /* OCRTextExtractionService.swift in Sources */ = {isa = PBXBuildFile; fileRef = 3FFBC7582F704C4600FA359D /* OCRTextExtractionService.swift */; };
		3FFBC75B2F704EDC00FA359D /* DocNestSchemaVersioning.swift in Sources */ = {isa = PBXBuildFile; fileRef = 3FFBC75A2F704EDC00FA359D /* DocNestSchemaVersioning.swift */; };
		3FFBC75C2F704C4600FA359E /* DocumentDateExtractor.swift in Sources */ = {isa = PBXBuildFile; fileRef = 3FFBC75D2F704C4600FA359E /* DocumentDateExtractor.swift */; };
		4C1368A6F47101D34D33808A /* RootView.swift in Sources */ = {isa = PBXBuildFile; fileRef = 0BBBA8006045ACAA798F6A49 /* RootView.swift */; };
		6332EE665429D0D47E89D7F4 /* ResizeHandleCursorState.swift in Sources */ = {isa = PBXBuildFile; fileRef = EA07191F675258A004D68388 /* ResizeHandleCursorState.swift */; };
		6A74EFB9944798084461854D /* DocumentInspectorView.swift in Sources */ = {isa = PBXBuildFile; fileRef = 4672AC06553022ADA6DECE26 /* DocumentInspectorView.swift */; };
		77424B1901611FDF26B6EBA6 /* AppSplitViewLayout.swift in Sources */ = {isa = PBXBuildFile; fileRef = EC92D622E6EF259A9AF5A669 /* AppSplitViewLayout.swift */; };
		78C8D82942577262672EDDF2 /* Assets.xcassets in Resources */ = {isa = PBXBuildFile; fileRef = B0A020E71E4139D5C6236FCD /* Assets.xcassets */; };
		7A1E697690A2764E2A40E8BB /* SearchToolbarField.swift in Sources */ = {isa = PBXBuildFile; fileRef = 384308B1EF0740E0C4F3A350 /* SearchToolbarField.swift */; };
		8D1FC626EFC093CBE2FF7636 /* PDFViewRepresentable.swift in Sources */ = {isa = PBXBuildFile; fileRef = 54801B6E1BCE4A70FCDB2E29 /* PDFViewRepresentable.swift */; };
		9B1EA4B0472E2FA374348A7F /* DocNestTests.swift in Sources */ = {isa = PBXBuildFile; fileRef = DD39DB5ED19340D342B038E6 /* DocNestTests.swift */; };
		A35D8B1AEE7796BDCF11A938 /* DocumentStorageService.swift in Sources */ = {isa = PBXBuildFile; fileRef = F35D29609AD07395CE3098C2 /* DocumentStorageService.swift */; };
		A3AC8E47D67541A0AC71B5F7 /* DocNestLibrary.icns in Resources */ = {isa = PBXBuildFile; fileRef = B3FECCFCBCC940BDB2146E4C /* DocNestLibrary.icns */; };
		A67C2A9BBA4BD3402F3871B7 /* LibrarySidebarView.swift in Sources */ = {isa = PBXBuildFile; fileRef = C0AAAEB26F93E46DA446829E /* LibrarySidebarView.swift */; };
		A702052A7EEBA5D0ED3DCFC3 /* LabelTag.swift in Sources */ = {isa = PBXBuildFile; fileRef = 23AC657950D272E01D18DE75 /* LabelTag.swift */; };
		BAD3422FCC9D99B891471458 /* DocumentLibraryService.swift in Sources */ = {isa = PBXBuildFile; fileRef = 3B0FFAF2C02193A2F504BDB3 /* DocumentLibraryService.swift */; };
		BB6346F3461319B78849AE57 /* ManageLabelsUseCase.swift in Sources */ = {isa = PBXBuildFile; fileRef = FD49D19B314A1AF377BCD069 /* ManageLabelsUseCase.swift */; };
		BE2517F95F869DB2842C1F08 /* LabelChip.swift in Sources */ = {isa = PBXBuildFile; fileRef = A5E121E80E607DB634883795 /* LabelChip.swift */; };
		D0E526C148C713C44FEE42EB /* SearchFocusCommand.swift in Sources */ = {isa = PBXBuildFile; fileRef = 83474F7BD44082F27FE0A810 /* SearchFocusCommand.swift */; };
		EB82992B3C2494D927CD3370 /* DocNestUITests.swift in Sources */ = {isa = PBXBuildFile; fileRef = 83D472DA0CBD4F25911DA461 /* DocNestUITests.swift */; };
		EE27DB42A08FCADC935448C0 /* DeleteDocumentsUseCase.swift in Sources */ = {isa = PBXBuildFile; fileRef = A7258C57A6B80E1813F14EF9 /* DeleteDocumentsUseCase.swift */; };
		EFE086EED508E58D74F74FD9 /* SearchDocumentsUseCase.swift in Sources */ = {isa = PBXBuildFile; fileRef = 6D9CF39DD2A6316E2DFD9361 /* SearchDocumentsUseCase.swift */; };
		FE3E50539F4B142C71550969 /* ImportPDFDocumentsUseCase.swift in Sources */ = {isa = PBXBuildFile; fileRef = CC772C7F97D15E871FCAB48C /* ImportPDFDocumentsUseCase.swift */; };
/* End PBXBuildFile section */

/* Begin PBXContainerItemProxy section */
		2263271875D8DE410DCA5CAE /* PBXContainerItemProxy */ = {
			isa = PBXContainerItemProxy;
			containerPortal = 1F0FE423E24180DDC11B5BD1 /* Project object */;
			proxyType = 1;
			remoteGlobalIDString = 99C37ECAC7415029F5D34F92;
			remoteInfo = DocNest;
		};
		5CA7964FEBBDB6CDD4BF65AB /* PBXContainerItemProxy */ = {
			isa = PBXContainerItemProxy;
			containerPortal = 1F0FE423E24180DDC11B5BD1 /* Project object */;
			proxyType = 1;
			remoteGlobalIDString = 99C37ECAC7415029F5D34F92;
			remoteInfo = DocNest;
		};
/* End PBXContainerItemProxy section */

/* Begin PBXFileReference section */
		051CE3481269CA75C84B0B72 /* DocumentListView.swift */ = {isa = PBXFileReference; lastKnownFileType = sourcecode.swift; path = DocumentListView.swift; sourceTree = "<group>"; };
		0BBBA8006045ACAA798F6A49 /* RootView.swift */ = {isa = PBXFileReference; lastKnownFileType = sourcecode.swift; path = RootView.swift; sourceTree = "<group>"; };
		0EA3AF9677EEE87A61D1F2B1 /* Info.plist */ = {isa = PBXFileReference; lastKnownFileType = text.plist; path = Info.plist; sourceTree = "<group>"; };
		23AC657950D272E01D18DE75 /* LabelTag.swift */ = {isa = PBXFileReference; lastKnownFileType = sourcecode.swift; path = LabelTag.swift; sourceTree = "<group>"; };
		29A4179D6FD2BD0370A1E9A7 /* AppTypography.swift */ = {isa = PBXFileReference; lastKnownFileType = sourcecode.swift; path = AppTypography.swift; sourceTree = "<group>"; };
		384308B1EF0740E0C4F3A350 /* SearchToolbarField.swift */ = {isa = PBXFileReference; lastKnownFileType = sourcecode.swift; path = SearchToolbarField.swift; sourceTree = "<group>"; };
		3A92312359B8EE4691B36D8E /* DocNestTests.xctest */ = {isa = PBXFileReference; explicitFileType = wrapper.cfbundle; includeInIndex = 0; path = DocNestTests.xctest; sourceTree = BUILT_PRODUCTS_DIR; };
		3B0FFAF2C02193A2F504BDB3 /* DocumentLibraryService.swift */ = {isa = PBXFileReference; lastKnownFileType = sourcecode.swift; path = DocumentLibraryService.swift; sourceTree = "<group>"; };
		3F363A682F6A0A9B008A3A41 /* AboutWindowController.swift */ = {isa = PBXFileReference; lastKnownFileType = sourcecode.swift; path = AboutWindowController.swift; sourceTree = "<group>"; };
		3F38EC852F63E3D500389314 /* ThumbnailCache.swift */ = {isa = PBXFileReference; lastKnownFileType = sourcecode.swift; path = ThumbnailCache.swift; sourceTree = "<group>"; };
		3F38EC872F63E42000389314 /* LibraryCoordinator.swift */ = {isa = PBXFileReference; lastKnownFileType = sourcecode.swift; path = LibraryCoordinator.swift; sourceTree = "<group>"; };
		3F67E4192F66E391006439C6 /* ExtractDocumentTextUseCase.swift */ = {isa = PBXFileReference; lastKnownFileType = sourcecode.swift; path = ExtractDocumentTextUseCase.swift; sourceTree = "<group>"; };
		3F67E41B2F66E502006439C6 /* QuickLookCoordinator.swift */ = {isa = PBXFileReference; lastKnownFileType = sourcecode.swift; path = QuickLookCoordinator.swift; sourceTree = "<group>"; };
		3F67E41D2F66E50C006439C6 /* QuickLookPanelResponder.swift */ = {isa = PBXFileReference; lastKnownFileType = sourcecode.swift; path = QuickLookPanelResponder.swift; sourceTree = "<group>"; };
		3F67E41F2F67640F006439C6 /* ExportDocumentsUseCase.swift */ = {isa = PBXFileReference; lastKnownFileType = sourcecode.swift; path = ExportDocumentsUseCase.swift; sourceTree = "<group>"; };
		3F908CD32F6E032200CE6FC4 /* LabelGroup.swift */ = {isa = PBXFileReference; lastKnownFileType = sourcecode.swift; path = LabelGroup.swift; sourceTree = "<group>"; };
		3F908CD52F6E037F00CE6FC4 /* ManageLabelGroupsUseCase.swift */ = {isa = PBXFileReference; lastKnownFileType = sourcecode.swift; path = ManageLabelGroupsUseCase.swift; sourceTree = "<group>"; };
		3F908CD72F6E03CF00CE6FC4 /* LabelEditorSheet.swift */ = {isa = PBXFileReference; lastKnownFileType = sourcecode.swift; path = LabelEditorSheet.swift; sourceTree = "<group>"; };
		3FA039F42F709CCA0005D532 /* WatchFolder.swift */ = {isa = PBXFileReference; lastKnownFileType = sourcecode.swift; path = WatchFolder.swift; sourceTree = "<group>"; };
		3FA039F62F709CF60005D532 /* ManageWatchFoldersUseCase.swift */ = {isa = PBXFileReference; lastKnownFileType = sourcecode.swift; path = ManageWatchFoldersUseCase.swift; sourceTree = "<group>"; };
		3FA039F82F709D0C0005D532 /* FolderMonitorService.swift */ = {isa = PBXFileReference; lastKnownFileType = sourcecode.swift; path = FolderMonitorService.swift; sourceTree = "<group>"; };
		3FA039FA2F709D530005D532 /* WatchFolderEditorSheet.swift */ = {isa = PBXFileReference; lastKnownFileType = sourcecode.swift; path = WatchFolderEditorSheet.swift; sourceTree = "<group>"; };
		3FA039FC2F709FAB0005D532 /* WatchFolderSettingsCommand.swift */ = {isa = PBXFileReference; lastKnownFileType = sourcecode.swift; path = WatchFolderSettingsCommand.swift; sourceTree = "<group>"; };
		3FA039FE2F709FC00005D532 /* WatchFolderSettingsView.swift */ = {isa = PBXFileReference; lastKnownFileType = sourcecode.swift; path = WatchFolderSettingsView.swift; sourceTree = "<group>"; };
		3FDFEB842F6F496F00425275 /* QuickLabelPickerCommand.swift */ = {isa = PBXFileReference; lastKnownFileType = sourcecode.swift; path = QuickLabelPickerCommand.swift; sourceTree = "<group>"; };
		3FDFEB862F6F49B800425275 /* QuickLabelPickerView.swift */ = {isa = PBXFileReference; lastKnownFileType = sourcecode.swift; path = QuickLabelPickerView.swift; sourceTree = "<group>"; };
		3FDFEB882F6F4E6B00425275 /* LabelManagerCommand.swift */ = {isa = PBXFileReference; lastKnownFileType = sourcecode.swift; path = LabelManagerCommand.swift; sourceTree = "<group>"; };
		3FDFEB8A2F6F4EC800425275 /* LabelManagerSheet.swift */ = {isa = PBXFileReference; lastKnownFileType = sourcecode.swift; path = LabelManagerSheet.swift; sourceTree = "<group>"; };
		3FE52D852F6B5EBB007DB86E /* ServicesProvider.swift */ = {isa = PBXFileReference; lastKnownFileType = sourcecode.swift; path = ServicesProvider.swift; sourceTree = "<group>"; };
		3FF08EEB2F6D80C400770D38 /* SmartFolder.swift */ = {isa = PBXFileReference; lastKnownFileType = sourcecode.swift; path = SmartFolder.swift; sourceTree = "<group>"; };
		3FF08EED2F6D80C400770D38 /* ManageSmartFoldersUseCase.swift */ = {isa = PBXFileReference; lastKnownFileType = sourcecode.swift; path = ManageSmartFoldersUseCase.swift; sourceTree = "<group>"; };
		3FF08EEF2F6D826900770D38 /* SmartFolderEditorSheet.swift */ = {isa = PBXFileReference; lastKnownFileType = sourcecode.swift; path = SmartFolderEditorSheet.swift; sourceTree = "<group>"; };
		3FFBC7582F704C4600FA359D /* OCRTextExtractionService.swift */ = {isa = PBXFileReference; lastKnownFileType = sourcecode.swift; path = OCRTextExtractionService.swift; sourceTree = "<group>"; };
		3FFBC75A2F704EDC00FA359D /* DocNestSchemaVersioning.swift */ = {isa = PBXFileReference; lastKnownFileType = sourcecode.swift; path = DocNestSchemaVersioning.swift; sourceTree = "<group>"; };
		3FFBC75D2F704C4600FA359E /* DocumentDateExtractor.swift */ = {isa = PBXFileReference; lastKnownFileType = sourcecode.swift; path = DocumentDateExtractor.swift; sourceTree = "<group>"; };
		45B34DF5ACFF5069169049C6 /* DocNestApp.swift */ = {isa = PBXFileReference; lastKnownFileType = sourcecode.swift; path = DocNestApp.swift; sourceTree = "<group>"; };
		4672AC06553022ADA6DECE26 /* DocumentInspectorView.swift */ = {isa = PBXFileReference; lastKnownFileType = sourcecode.swift; path = DocumentInspectorView.swift; sourceTree = "<group>"; };
		54801B6E1BCE4A70FCDB2E29 /* PDFViewRepresentable.swift */ = {isa = PBXFileReference; lastKnownFileType = sourcecode.swift; path = PDFViewRepresentable.swift; sourceTree = "<group>"; };
		6D9CF39DD2A6316E2DFD9361 /* SearchDocumentsUseCase.swift */ = {isa = PBXFileReference; lastKnownFileType = sourcecode.swift; path = SearchDocumentsUseCase.swift; sourceTree = "<group>"; };
		83474F7BD44082F27FE0A810 /* SearchFocusCommand.swift */ = {isa = PBXFileReference; lastKnownFileType = sourcecode.swift; path = SearchFocusCommand.swift; sourceTree = "<group>"; };
		83D472DA0CBD4F25911DA461 /* DocNestUITests.swift */ = {isa = PBXFileReference; lastKnownFileType = sourcecode.swift; path = DocNestUITests.swift; sourceTree = "<group>"; };
		A1C271308AF16C589CE96C8B /* DeferredSelectionState.swift */ = {isa = PBXFileReference; lastKnownFileType = sourcecode.swift; path = DeferredSelectionState.swift; sourceTree = "<group>"; };
		19559D6E004F46599D8D9CCF /* StringNormalization.swift */ = {isa = PBXFileReference; lastKnownFileType = sourcecode.swift; path = StringNormalization.swift; sourceTree = "<group>"; };
		A28DA505FA162562D9E4D07F /* DocNest.app */ = {isa = PBXFileReference; explicitFileType = wrapper.application; includeInIndex = 0; path = DocNest.app; sourceTree = BUILT_PRODUCTS_DIR; };
		A5E121E80E607DB634883795 /* LabelChip.swift */ = {isa = PBXFileReference; lastKnownFileType = sourcecode.swift; path = LabelChip.swift; sourceTree = "<group>"; };
		A7258C57A6B80E1813F14EF9 /* DeleteDocumentsUseCase.swift */ = {isa = PBXFileReference; lastKnownFileType = sourcecode.swift; path = DeleteDocumentsUseCase.swift; sourceTree = "<group>"; };
		B0A020E71E4139D5C6236FCD /* Assets.xcassets */ = {isa = PBXFileReference; lastKnownFileType = folder.assetcatalog; path = Assets.xcassets; sourceTree = "<group>"; };
		B3FECCFCBCC940BDB2146E4C /* DocNestLibrary.icns */ = {isa = PBXFileReference; lastKnownFileType = image.icns; path = DocNestLibrary.icns; sourceTree = "<group>"; };
		C0AAAEB26F93E46DA446829E /* LibrarySidebarView.swift */ = {isa = PBXFileReference; lastKnownFileType = sourcecode.swift; path = LibrarySidebarView.swift; sourceTree = "<group>"; };
		CC772C7F97D15E871FCAB48C /* ImportPDFDocumentsUseCase.swift */ = {isa = PBXFileReference; lastKnownFileType = sourcecode.swift; path = ImportPDFDocumentsUseCase.swift; sourceTree = "<group>"; };
		DD39DB5ED19340D342B038E6 /* DocNestTests.swift */ = {isa = PBXFileReference; lastKnownFileType = sourcecode.swift; path = DocNestTests.swift; sourceTree = "<group>"; };
		EA07191F675258A004D68388 /* ResizeHandleCursorState.swift */ = {isa = PBXFileReference; lastKnownFileType = sourcecode.swift; path = ResizeHandleCursorState.swift; sourceTree = "<group>"; };
		EC92D622E6EF259A9AF5A669 /* AppSplitViewLayout.swift */ = {isa = PBXFileReference; lastKnownFileType = sourcecode.swift; path = AppSplitViewLayout.swift; sourceTree = "<group>"; };
		EE62ACE54DC0692F4109B0A5 /* DocNestUITests.xctest */ = {isa = PBXFileReference; explicitFileType = wrapper.cfbundle; includeInIndex = 0; path = DocNestUITests.xctest; sourceTree = BUILT_PRODUCTS_DIR; };
		EF537CE863340AB823C51D5C /* DocumentRecord.swift */ = {isa = PBXFileReference; lastKnownFileType = sourcecode.swift; path = DocumentRecord.swift; sourceTree = "<group>"; };
		F35D29609AD07395CE3098C2 /* DocumentStorageService.swift */ = {isa = PBXFileReference; lastKnownFileType = sourcecode.swift; path = DocumentStorageService.swift; sourceTree = "<group>"; };
		FD49D19B314A1AF377BCD069 /* ManageLabelsUseCase.swift */ = {isa = PBXFileReference; lastKnownFileType = sourcecode.swift; path = ManageLabelsUseCase.swift; sourceTree = "<group>"; };
/* End PBXFileReference section */

/* Begin PBXGroup section */
		04D496539C8F02D386DE2799 /* App */ = {
			isa = PBXGroup;
			children = (
				45B34DF5ACFF5069169049C6 /* DocNestApp.swift */,
				0BBBA8006045ACAA798F6A49 /* RootView.swift */,
				3F38EC872F63E42000389314 /* LibraryCoordinator.swift */,
				3F363A682F6A0A9B008A3A41 /* AboutWindowController.swift */,
				3FE52D852F6B5EBB007DB86E /* ServicesProvider.swift */,
			);
			path = App;
			sourceTree = "<group>";
		};
		063720271A166359D70CE7BA /* UseCases */ = {
			isa = PBXGroup;
			children = (
				A7258C57A6B80E1813F14EF9 /* DeleteDocumentsUseCase.swift */,
				CC772C7F97D15E871FCAB48C /* ImportPDFDocumentsUseCase.swift */,
				FD49D19B314A1AF377BCD069 /* ManageLabelsUseCase.swift */,
				6D9CF39DD2A6316E2DFD9361 /* SearchDocumentsUseCase.swift */,
				3F67E4192F66E391006439C6 /* ExtractDocumentTextUseCase.swift */,
				3F67E41F2F67640F006439C6 /* ExportDocumentsUseCase.swift */,
				3FF08EED2F6D80C400770D38 /* ManageSmartFoldersUseCase.swift */,
				3F908CD52F6E037F00CE6FC4 /* ManageLabelGroupsUseCase.swift */,
				3FA039F62F709CF60005D532 /* ManageWatchFoldersUseCase.swift */,
			);
			path = UseCases;
			sourceTree = "<group>";
		};
		0A02BAB1A1B55CB365A3E3D1 /* Infrastructure */ = {
			isa = PBXGroup;
			children = (
				E913A424206DBE20E2C89B02 /* Library */,
				38435D2BDC8C055FF1387640 /* Preview */,
				3FFBC7572F704C3500FA359D /* OCR */,
			);
			path = Infrastructure;
			sourceTree = "<group>";
		};
		1F8FC622FDD062746E7DC3C6 /* Library */ = {
			isa = PBXGroup;
			children = (
				C0AAAEB26F93E46DA446829E /* LibrarySidebarView.swift */,
				3FF08EEF2F6D826900770D38 /* SmartFolderEditorSheet.swift */,
				3F908CD72F6E03CF00CE6FC4 /* LabelEditorSheet.swift */,
				3FDFEB8A2F6F4EC800425275 /* LabelManagerSheet.swift */,
				3FA039FA2F709D530005D532 /* WatchFolderEditorSheet.swift */,
				3FA039FE2F709FC00005D532 /* WatchFolderSettingsView.swift */,
			);
			path = Library;
			sourceTree = "<group>";
		};
		31002AB164F3A120C0EEDB9A = {
			isa = PBXGroup;
			children = (
				6FACB24E3D38D5C34FD87BE7 /* DocNest */,
				C118501F2CDBC76652611405 /* DocNestTests */,
				9823D1E572EF262DCC4FC832 /* DocNestUITests */,
				3419641354D309F2F9188E40 /* Products */,
			);
			sourceTree = "<group>";
		};
		3419641354D309F2F9188E40 /* Products */ = {
			isa = PBXGroup;
			children = (
				A28DA505FA162562D9E4D07F /* DocNest.app */,
				3A92312359B8EE4691B36D8E /* DocNestTests.xctest */,
				EE62ACE54DC0692F4109B0A5 /* DocNestUITests.xctest */,
			);
			name = Products;
			sourceTree = "<group>";
		};
		38435D2BDC8C055FF1387640 /* Preview */ = {
			isa = PBXGroup;
			children = (
				54801B6E1BCE4A70FCDB2E29 /* PDFViewRepresentable.swift */,
				3F38EC852F63E3D500389314 /* ThumbnailCache.swift */,
				3F67E41B2F66E502006439C6 /* QuickLookCoordinator.swift */,
				3F67E41D2F66E50C006439C6 /* QuickLookPanelResponder.swift */,
			);
			path = Preview;
			sourceTree = "<group>";
		};
		3FFBC7572F704C3500FA359D /* OCR */ = {
			isa = PBXGroup;
			children = (
				3FFBC7582F704C4600FA359D /* OCRTextExtractionService.swift */,
				3FFBC75D2F704C4600FA359E /* DocumentDateExtractor.swift */,
			);
			path = OCR;
			sourceTree = "<group>";
		};
		574E3AA1DE04477D8D0EB337 /* Resources */ = {
			isa = PBXGroup;
			children = (
				B0A020E71E4139D5C6236FCD /* Assets.xcassets */,
				B3FECCFCBCC940BDB2146E4C /* DocNestLibrary.icns */,
			);
			path = Resources;
			sourceTree = "<group>";
		};
		5E2B1DB5CA4FCAD7D11BA925 /* Documents */ = {
			isa = PBXGroup;
			children = (
				4672AC06553022ADA6DECE26 /* DocumentInspectorView.swift */,
				051CE3481269CA75C84B0B72 /* DocumentListView.swift */,
				3FDFEB862F6F49B800425275 /* QuickLabelPickerView.swift */,
			);
			path = Documents;
			sourceTree = "<group>";
		};
		6FACB24E3D38D5C34FD87BE7 /* DocNest */ = {
			isa = PBXGroup;
			children = (
				0EA3AF9677EEE87A61D1F2B1 /* Info.plist */,
				04D496539C8F02D386DE2799 /* App */,
				9CF5820AED9DA5236D87057E /* Domain */,
				8519309182595678342B501A /* Features */,
				0A02BAB1A1B55CB365A3E3D1 /* Infrastructure */,
				574E3AA1DE04477D8D0EB337 /* Resources */,
				AA2B6BB91C8A906EF754BA80 /* Shared */,
			);
			path = DocNest;
			sourceTree = "<group>";
		};
		8519309182595678342B501A /* Features */ = {
			isa = PBXGroup;
			children = (
				5E2B1DB5CA4FCAD7D11BA925 /* Documents */,
				1F8FC622FDD062746E7DC3C6 /* Library */,
			);
			path = Features;
			sourceTree = "<group>";
		};
		9823D1E572EF262DCC4FC832 /* DocNestUITests */ = {
			isa = PBXGroup;
			children = (
				83D472DA0CBD4F25911DA461 /* DocNestUITests.swift */,
			);
			path = DocNestUITests;
			sourceTree = "<group>";
		};
		9CF5820AED9DA5236D87057E /* Domain */ = {
			isa = PBXGroup;
			children = (
				AF55C1A192F3448EF4951786 /* Entities */,
				063720271A166359D70CE7BA /* UseCases */,
			);
			path = Domain;
			sourceTree = "<group>";
		};
		AA2B6BB91C8A906EF754BA80 /* Shared */ = {
			isa = PBXGroup;
			children = (
				EC92D622E6EF259A9AF5A669 /* AppSplitViewLayout.swift */,
				A1C271308AF16C589CE96C8B /* DeferredSelectionState.swift */,
				19559D6E004F46599D8D9CCF /* StringNormalization.swift */,
				EA07191F675258A004D68388 /* ResizeHandleCursorState.swift */,
				83474F7BD44082F27FE0A810 /* SearchFocusCommand.swift */,
				384308B1EF0740E0C4F3A350 /* SearchToolbarField.swift */,
				DFFA402AACB7259B8D838914 /* Design */,
				3FDFEB842F6F496F00425275 /* QuickLabelPickerCommand.swift */,
				3FDFEB882F6F4E6B00425275 /* LabelManagerCommand.swift */,
				3FA039FC2F709FAB0005D532 /* WatchFolderSettingsCommand.swift */,
			);
			path = Shared;
			sourceTree = "<group>";
		};
		AF55C1A192F3448EF4951786 /* Entities */ = {
			isa = PBXGroup;
			children = (
				EF537CE863340AB823C51D5C /* DocumentRecord.swift */,
				23AC657950D272E01D18DE75 /* LabelTag.swift */,
				3FF08EEB2F6D80C400770D38 /* SmartFolder.swift */,
				3F908CD32F6E032200CE6FC4 /* LabelGroup.swift */,
				3FA039F42F709CCA0005D532 /* WatchFolder.swift */,
			);
			path = Entities;
			sourceTree = "<group>";
		};
		C118501F2CDBC76652611405 /* DocNestTests */ = {
			isa = PBXGroup;
			children = (
				DD39DB5ED19340D342B038E6 /* DocNestTests.swift */,
			);
			path = DocNestTests;
			sourceTree = "<group>";
		};
		DFFA402AACB7259B8D838914 /* Design */ = {
			isa = PBXGroup;
			children = (
				29A4179D6FD2BD0370A1E9A7 /* AppTypography.swift */,
				A5E121E80E607DB634883795 /* LabelChip.swift */,
			);
			path = Design;
			sourceTree = "<group>";
		};
		E913A424206DBE20E2C89B02 /* Library */ = {
			isa = PBXGroup;
			children = (
				3B0FFAF2C02193A2F504BDB3 /* DocumentLibraryService.swift */,
				F35D29609AD07395CE3098C2 /* DocumentStorageService.swift */,
				3FFBC75A2F704EDC00FA359D /* DocNestSchemaVersioning.swift */,
				3FA039F82F709D0C0005D532 /* FolderMonitorService.swift */,
			);
			path = Library;
			sourceTree = "<group>";
		};
/* End PBXGroup section */

/* Begin PBXNativeTarget section */
		9760FC18A985B497EDBE63A2 /* DocNestUITests */ = {
			isa = PBXNativeTarget;
			buildConfigurationList = 0CC5E348A3D8280846408E4C /* Build configuration list for PBXNativeTarget "DocNestUITests" */;
			buildPhases = (
				ECEBC8A3FA2D0BBC19C5C918 /* Sources */,
			);
			buildRules = (
			);
			dependencies = (
				8072C908AEE08BA6E149742C /* PBXTargetDependency */,
			);
			name = DocNestUITests;
			packageProductDependencies = (
			);
			productName = DocNestUITests;
			productReference = EE62ACE54DC0692F4109B0A5 /* DocNestUITests.xctest */;
			productType = "com.apple.product-type.bundle.ui-testing";
		};
		99C37ECAC7415029F5D34F92 /* DocNest */ = {
			isa = PBXNativeTarget;
			buildConfigurationList = B32371BEDEE830C5F8C32F9E /* Build configuration list for PBXNativeTarget "DocNest" */;
			buildPhases = (
				B38279D717F484C5C540CA1A /* Sources */,
				ED7A0499C9FCD44FEF845A85 /* Resources */,
			);
			buildRules = (
			);
			dependencies = (
			);
			name = DocNest;
			packageProductDependencies = (
			);
			productName = DocNest;
			productReference = A28DA505FA162562D9E4D07F /* DocNest.app */;
			productType = "com.apple.product-type.application";
		};
		FDE8EDAA41234DCBBB581739 /* DocNestTests */ = {
			isa = PBXNativeTarget;
			buildConfigurationList = 611ACD28C201B9892D5A1644 /* Build configuration list for PBXNativeTarget "DocNestTests" */;
			buildPhases = (
				34684EA0B0DC1C1ECA484905 /* Sources */,
			);
			buildRules = (
			);
			dependencies = (
				D938FE8B527F280303543E5B /* PBXTargetDependency */,
			);
			name = DocNestTests;
			packageProductDependencies = (
			);
			productName = DocNestTests;
			productReference = 3A92312359B8EE4691B36D8E /* DocNestTests.xctest */;
			productType = "com.apple.product-type.bundle.unit-test";
		};
/* End PBXNativeTarget section */

/* Begin PBXProject section */
		1F0FE423E24180DDC11B5BD1 /* Project object */ = {
			isa = PBXProject;
			attributes = {
				BuildIndependentTargetsInParallel = YES;
				LastUpgradeCheck = 1430;
				TargetAttributes = {
					9760FC18A985B497EDBE63A2 = {
						DevelopmentTeam = "";
						ProvisioningStyle = Manual;
						TestTargetID = 99C37ECAC7415029F5D34F92;
					};
					99C37ECAC7415029F5D34F92 = {
						DevelopmentTeam = "";
						ProvisioningStyle = Manual;
					};
					FDE8EDAA41234DCBBB581739 = {
						DevelopmentTeam = "";
						ProvisioningStyle = Manual;
					};
				};
			};
			buildConfigurationList = 370ADEE3E5637A5BA4AEF87F /* Build configuration list for PBXProject "DocNest" */;
			developmentRegion = en;
			hasScannedForEncodings = 0;
			knownRegions = (
				Base,
				en,
			);
			mainGroup = 31002AB164F3A120C0EEDB9A;
			minimizedProjectReferenceProxies = 1;
			preferredProjectObjectVersion = 77;
			productRefGroup = 3419641354D309F2F9188E40 /* Products */;
			projectDirPath = "";
			projectRoot = "";
			targets = (
				99C37ECAC7415029F5D34F92 /* DocNest */,
				FDE8EDAA41234DCBBB581739 /* DocNestTests */,
				9760FC18A985B497EDBE63A2 /* DocNestUITests */,
			);
		};
/* End PBXProject section */

/* Begin PBXResourcesBuildPhase section */
		ED7A0499C9FCD44FEF845A85 /* Resources */ = {
			isa = PBXResourcesBuildPhase;
			buildActionMask = 2147483647;
			files = (
				78C8D82942577262672EDDF2 /* Assets.xcassets in Resources */,
				A3AC8E47D67541A0AC71B5F7 /* DocNestLibrary.icns in Resources */,
			);
			runOnlyForDeploymentPostprocessing = 0;
		};
/* End PBXResourcesBuildPhase section */

/* Begin PBXSourcesBuildPhase section */
		34684EA0B0DC1C1ECA484905 /* Sources */ = {
			isa = PBXSourcesBuildPhase;
			buildActionMask = 2147483647;
			files = (
				9B1EA4B0472E2FA374348A7F /* DocNestTests.swift in Sources */,
			);
			runOnlyForDeploymentPostprocessing = 0;
		};
		B38279D717F484C5C540CA1A /* Sources */ = {
			isa = PBXSourcesBuildPhase;
			buildActionMask = 2147483647;
			files = (
				3FA039FD2F709FAB0005D532 /* WatchFolderSettingsCommand.swift in Sources */,
				3F67E41C2F66E502006439C6 /* QuickLookCoordinator.swift in Sources */,
				77424B1901611FDF26B6EBA6 /* AppSplitViewLayout.swift in Sources */,
				3EB178A6D0FFD0F4CB64DA1D /* AppTypography.swift in Sources */,
				3B85F44C2EB7738FBD586818 /* DeferredSelectionState.swift in Sources */,
				0412772DFA454654BC687BBF /* StringNormalization.swift in Sources */,
				EE27DB42A08FCADC935448C0 /* DeleteDocumentsUseCase.swift in Sources */,
				3F908CD62F6E037F00CE6FC4 /* ManageLabelGroupsUseCase.swift in Sources */,
				3C5C703826BEB50F7BCFF836 /* DocNestApp.swift in Sources */,
				3F908CD82F6E03CF00CE6FC4 /* LabelEditorSheet.swift in Sources */,
				6A74EFB9944798084461854D /* DocumentInspectorView.swift in Sources */,
				3FF08EEC2F6D80C400770D38 /* SmartFolder.swift in Sources */,
				3FFBC75B2F704EDC00FA359D /* DocNestSchemaVersioning.swift in Sources */,
				3FA039FB2F709D530005D532 /* WatchFolderEditorSheet.swift in Sources */,
				3F908CD42F6E032200CE6FC4 /* LabelGroup.swift in Sources */,
				BAD3422FCC9D99B891471458 /* DocumentLibraryService.swift in Sources */,
				2423CFECF69765FB09B4592A /* DocumentListView.swift in Sources */,
				3FA039F92F709D0C0005D532 /* FolderMonitorService.swift in Sources */,
				3FDFEB8B2F6F4EC800425275 /* LabelManagerSheet.swift in Sources */,
				3FA039FF2F709FC00005D532 /* WatchFolderSettingsView.swift in Sources */,
				0C0958A98ED0BC8389BBA0C9 /* DocumentRecord.swift in Sources */,
				A35D8B1AEE7796BDCF11A938 /* DocumentStorageService.swift in Sources */,
				3FF08EEE2F6D80C400770D38 /* ManageSmartFoldersUseCase.swift in Sources */,
				3FA039F72F709CF60005D532 /* ManageWatchFoldersUseCase.swift in Sources */,
				FE3E50539F4B142C71550969 /* ImportPDFDocumentsUseCase.swift in Sources */,
				BE2517F95F869DB2842C1F08 /* LabelChip.swift in Sources */,
				3F363A692F6A0A9B008A3A41 /* AboutWindowController.swift in Sources */,
				3F67E4202F67640F006439C6 /* ExportDocumentsUseCase.swift in Sources */,
				3F38EC882F63E42000389314 /* LibraryCoordinator.swift in Sources */,
				A702052A7EEBA5D0ED3DCFC3 /* LabelTag.swift in Sources */,
				A67C2A9BBA4BD3402F3871B7 /* LibrarySidebarView.swift in Sources */,
				BB6346F3461319B78849AE57 /* ManageLabelsUseCase.swift in Sources */,
				8D1FC626EFC093CBE2FF7636 /* PDFViewRepresentable.swift in Sources */,
				3F38EC862F63E3D500389314 /* ThumbnailCache.swift in Sources */,
				3FDFEB852F6F496F00425275 /* QuickLabelPickerCommand.swift in Sources */,
				3FFBC7592F704C4600FA359D /* OCRTextExtractionService.swift in Sources */,
				3FFBC75C2F704C4600FA359E /* DocumentDateExtractor.swift in Sources */,
				6332EE665429D0D47E89D7F4 /* ResizeHandleCursorState.swift in Sources */,
				4C1368A6F47101D34D33808A /* RootView.swift in Sources */,
				EFE086EED508E58D74F74FD9 /* SearchDocumentsUseCase.swift in Sources */,
				3FF08EF02F6D826900770D38 /* SmartFolderEditorSheet.swift in Sources */,
				D0E526C148C713C44FEE42EB /* SearchFocusCommand.swift in Sources */,
				3F67E41A2F66E391006439C6 /* ExtractDocumentTextUseCase.swift in Sources */,
				3F67E41E2F66E50C006439C6 /* QuickLookPanelResponder.swift in Sources */,
				3FDFEB892F6F4E6B00425275 /* LabelManagerCommand.swift in Sources */,
				7A1E697690A2764E2A40E8BB /* SearchToolbarField.swift in Sources */,
				3FDFEB872F6F49B800425275 /* QuickLabelPickerView.swift in Sources */,
				3FE52D862F6B5EBB007DB86E /* ServicesProvider.swift in Sources */,
				3FA039F52F709CCA0005D532 /* WatchFolder.swift in Sources */,
			);
			runOnlyForDeploymentPostprocessing = 0;
		};
		ECEBC8A3FA2D0BBC19C5C918 /* Sources */ = {
			isa = PBXSourcesBuildPhase;
			buildActionMask = 2147483647;
			files = (
				EB82992B3C2494D927CD3370 /* DocNestUITests.swift in Sources */,
			);
			runOnlyForDeploymentPostprocessing = 0;
		};
/* End PBXSourcesBuildPhase section */

/* Begin PBXTargetDependency section */
		8072C908AEE08BA6E149742C /* PBXTargetDependency */ = {
			isa = PBXTargetDependency;
			target = 99C37ECAC7415029F5D34F92 /* DocNest */;
			targetProxy = 5CA7964FEBBDB6CDD4BF65AB /* PBXContainerItemProxy */;
		};
		D938FE8B527F280303543E5B /* PBXTargetDependency */ = {
			isa = PBXTargetDependency;
			target = 99C37ECAC7415029F5D34F92 /* DocNest */;
			targetProxy = 2263271875D8DE410DCA5CAE /* PBXContainerItemProxy */;
		};
/* End PBXTargetDependency section */

/* Begin XCBuildConfiguration section */
		019A9E9561EE31E9D73D84B1 /* Release */ = {
			isa = XCBuildConfiguration;
			buildSettings = {
				ARCHS = arm64;
				ALWAYS_SEARCH_USER_PATHS = NO;
				CLANG_ANALYZER_NONNULL = YES;
				CLANG_ANALYZER_NUMBER_OBJECT_CONVERSION = YES_AGGRESSIVE;
				CLANG_CXX_LANGUAGE_STANDARD = "gnu++14";
				CLANG_CXX_LIBRARY = "libc++";
				CLANG_ENABLE_MODULES = YES;
				CLANG_ENABLE_OBJC_ARC = YES;
				CLANG_ENABLE_OBJC_WEAK = YES;
				CLANG_WARN_BLOCK_CAPTURE_AUTORELEASING = YES;
				CLANG_WARN_BOOL_CONVERSION = YES;
				CLANG_WARN_COMMA = YES;
				CLANG_WARN_CONSTANT_CONVERSION = YES;
				CLANG_WARN_DEPRECATED_OBJC_IMPLEMENTATIONS = YES;
				CLANG_WARN_DIRECT_OBJC_ISA_USAGE = YES_ERROR;
				CLANG_WARN_DOCUMENTATION_COMMENTS = YES;
				CLANG_WARN_EMPTY_BODY = YES;
				CLANG_WARN_ENUM_CONVERSION = YES;
				CLANG_WARN_INFINITE_RECURSION = YES;
				CLANG_WARN_INT_CONVERSION = YES;
				CLANG_WARN_NON_LITERAL_NULL_CONVERSION = YES;
				CLANG_WARN_OBJC_IMPLICIT_RETAIN_SELF = YES;
				CLANG_WARN_OBJC_LITERAL_CONVERSION = YES;
				CLANG_WARN_OBJC_ROOT_CLASS = YES_ERROR;
				CLANG_WARN_QUOTED_INCLUDE_IN_FRAMEWORK_HEADER = YES;
				CLANG_WARN_RANGE_LOOP_ANALYSIS = YES;
				CLANG_WARN_STRICT_PROTOTYPES = YES;
				CLANG_WARN_SUSPICIOUS_MOVE = YES;
				CLANG_WARN_UNGUARDED_AVAILABILITY = YES_AGGRESSIVE;
				CLANG_WARN_UNREACHABLE_CODE = YES;
				CLANG_WARN__DUPLICATE_METHOD_MATCH = YES;
				CODE_SIGN_IDENTITY = "-";
				CODE_SIGN_STYLE = Manual;
				COPY_PHASE_STRIP = YES;
				CURRENT_PROJECT_VERSION = 1;
				DEAD_CODE_STRIPPING = YES;
				DEBUG_INFORMATION_FORMAT = "dwarf-with-dsym";
				DEVELOPMENT_TEAM = "";
				ENABLE_HARDENED_RUNTIME = YES;
				ENABLE_NS_ASSERTIONS = NO;
				ENABLE_STRICT_OBJC_MSGSEND = YES;
				GCC_C_LANGUAGE_STANDARD = gnu11;
				GCC_NO_COMMON_BLOCKS = YES;
				GCC_WARN_64_TO_32_BIT_CONVERSION = YES;
				GCC_WARN_ABOUT_RETURN_TYPE = YES_ERROR;
				GCC_WARN_UNDECLARED_SELECTOR = YES;
				GCC_WARN_UNINITIALIZED_AUTOS = YES_AGGRESSIVE;
				GCC_WARN_UNUSED_FUNCTION = YES;
				GCC_WARN_UNUSED_VARIABLE = YES;
				GENERATE_INFOPLIST_FILE = YES;
				LLVM_LTO = YES;
				MACOSX_DEPLOYMENT_TARGET = 15.6;
				MARKETING_VERSION = 0.1.0;
				MTL_ENABLE_DEBUG_INFO = NO;
				MTL_FAST_MATH = YES;
				PRODUCT_NAME = "$(TARGET_NAME)";
				SDKROOT = macosx;
				STRIP_INSTALLED_PRODUCT = YES;
				SWIFT_COMPILATION_MODE = wholemodule;
				SWIFT_OPTIMIZATION_LEVEL = "-O";
				SWIFT_VERSION = 5.10;
			};
			name = Release;
		};
		03969A89C7F3CF490140BD19 /* Release */ = {
			isa = XCBuildConfiguration;
			buildSettings = {
				ASSETCATALOG_COMPILER_APPICON_NAME = AppIcon;
				ARCHS = arm64;
				COMBINE_HIDPI_IMAGES = YES;
				"DEVELOPMENT_TEAM[sdk=macosx*]" = "";
				INFOPLIST_FILE = DocNest/Info.plist;
				INFOPLIST_KEY_CFBundleDisplayName = DocNest;
				INFOPLIST_KEY_LSApplicationCategoryType = "public.app-category.productivity";
				INFOPLIST_KEY_NSHumanReadableCopyright = "";
				INFOPLIST_KEY_NSPrincipalClass = NSApplication;
				LD_RUNPATH_SEARCH_PATHS = (
					"$(inherited)",
					"@executable_path/../Frameworks",
				);
				MACOSX_DEPLOYMENT_TARGET = 15.6;
				MARKETING_VERSION = 2026.6.1;
				PRODUCT_BUNDLE_IDENTIFIER = com.kaps.docnest;
				"PROVISIONING_PROFILE_SPECIFIER[sdk=macosx*]" = "";
				SDKROOT = macosx;
				SWIFT_EMIT_LOC_STRINGS = YES;
			};
			name = Release;
		};
		4360A90AC4F5EBA34C3F7FCB /* Release */ = {
			isa = XCBuildConfiguration;
			buildSettings = {
				BUNDLE_LOADER = "$(TEST_HOST)";
				CODE_SIGN_INJECT_BASE_ENTITLEMENTS = NO;
				COMBINE_HIDPI_IMAGES = YES;
				ENABLE_HARDENED_RUNTIME = NO;
				GENERATE_INFOPLIST_FILE = YES;
				LD_RUNPATH_SEARCH_PATHS = (
					"$(inherited)",
					"@executable_path/Frameworks",
					"@loader_path/Frameworks",
				);
				PRODUCT_BUNDLE_IDENTIFIER = com.kaps.docnest.uitests;
				SDKROOT = macosx;
				TEST_TARGET_NAME = DocNest;
			};
			name = Release;
		};
		715CEF9BFA55AA737F195894 /* Debug */ = {
			isa = XCBuildConfiguration;
			buildSettings = {
				ASSETCATALOG_COMPILER_APPICON_NAME = AppIcon;
				ARCHS = arm64;
				COMBINE_HIDPI_IMAGES = YES;
				"DEVELOPMENT_TEAM[sdk=macosx*]" = "";
				INFOPLIST_FILE = DocNest/Info.plist;
				INFOPLIST_KEY_CFBundleDisplayName = DocNest;
				INFOPLIST_KEY_LSApplicationCategoryType = "public.app-category.productivity";
				INFOPLIST_KEY_NSHumanReadableCopyright = "";
				INFOPLIST_KEY_NSPrincipalClass = NSApplication;
				LD_RUNPATH_SEARCH_PATHS = (
					"$(inherited)",
					"@executable_path/../Frameworks",
				);
				MACOSX_DEPLOYMENT_TARGET = 15.6;
				MARKETING_VERSION = 2026.6.1;
				PRODUCT_BUNDLE_IDENTIFIER = com.kaps.docnest;
				"PROVISIONING_PROFILE_SPECIFIER[sdk=macosx*]" = "";
				SDKROOT = macosx;
				SWIFT_EMIT_LOC_STRINGS = YES;
			};
			name = Debug;
		};
		73CF3E66EDA0DCBA9AC979D5 /* Debug */ = {
			isa = XCBuildConfiguration;
			buildSettings = {
				BUNDLE_LOADER = "$(TEST_HOST)";
				CODE_SIGN_INJECT_BASE_ENTITLEMENTS = NO;
				COMBINE_HIDPI_IMAGES = YES;
				ENABLE_HARDENED_RUNTIME = NO;
				GENERATE_INFOPLIST_FILE = YES;
				LD_RUNPATH_SEARCH_PATHS = (
					"$(inherited)",
					"@executable_path/Frameworks",
					"@loader_path/Frameworks",
				);
				PRODUCT_BUNDLE_IDENTIFIER = com.kaps.docnest.uitests;
				SDKROOT = macosx;
				TEST_TARGET_NAME = DocNest;
			};
			name = Debug;
		};
		857E800B2D254D7DCB21166A /* Debug */ = {
			isa = XCBuildConfiguration;
			buildSettings = {
				ARCHS = arm64;
				ALWAYS_SEARCH_USER_PATHS = NO;
				CLANG_ANALYZER_NONNULL = YES;
				CLANG_ANALYZER_NUMBER_OBJECT_CONVERSION = YES_AGGRESSIVE;
				CLANG_CXX_LANGUAGE_STANDARD = "gnu++14";
				CLANG_CXX_LIBRARY = "libc++";
				CLANG_ENABLE_MODULES = YES;
				CLANG_ENABLE_OBJC_ARC = YES;
				CLANG_ENABLE_OBJC_WEAK = YES;
				CLANG_WARN_BLOCK_CAPTURE_AUTORELEASING = YES;
				CLANG_WARN_BOOL_CONVERSION = YES;
				CLANG_WARN_COMMA = YES;
				CLANG_WARN_CONSTANT_CONVERSION = YES;
				CLANG_WARN_DEPRECATED_OBJC_IMPLEMENTATIONS = YES;
				CLANG_WARN_DIRECT_OBJC_ISA_USAGE = YES_ERROR;
				CLANG_WARN_DOCUMENTATION_COMMENTS = YES;
				CLANG_WARN_EMPTY_BODY = YES;
				CLANG_WARN_ENUM_CONVERSION = YES;
				CLANG_WARN_INFINITE_RECURSION = YES;
				CLANG_WARN_INT_CONVERSION = YES;
				CLANG_WARN_NON_LITERAL_NULL_CONVERSION = YES;
				CLANG_WARN_OBJC_IMPLICIT_RETAIN_SELF = YES;
				CLANG_WARN_OBJC_LITERAL_CONVERSION = YES;
				CLANG_WARN_OBJC_ROOT_CLASS = YES_ERROR;
				CLANG_WARN_QUOTED_INCLUDE_IN_FRAMEWORK_HEADER = YES;
				CLANG_WARN_RANGE_LOOP_ANALYSIS = YES;
				CLANG_WARN_STRICT_PROTOTYPES = YES;
				CLANG_WARN_SUSPICIOUS_MOVE = YES;
				CLANG_WARN_UNGUARDED_AVAILABILITY = YES_AGGRESSIVE;
				CLANG_WARN_UNREACHABLE_CODE = YES;
				CLANG_WARN__DUPLICATE_METHOD_MATCH = YES;
				CODE_SIGN_IDENTITY = "-";
				CODE_SIGN_STYLE = Manual;
				COPY_PHASE_STRIP = NO;
				CURRENT_PROJECT_VERSION = 1;
				DEBUG_INFORMATION_FORMAT = dwarf;
				DEVELOPMENT_TEAM = "";
				ENABLE_HARDENED_RUNTIME = YES;
				ENABLE_STRICT_OBJC_MSGSEND = YES;
				ENABLE_TESTABILITY = YES;
				GCC_C_LANGUAGE_STANDARD = gnu11;
				GCC_DYNAMIC_NO_PIC = NO;
				GCC_NO_COMMON_BLOCKS = YES;
				GCC_OPTIMIZATION_LEVEL = 0;
				GCC_PREPROCESSOR_DEFINITIONS = (
					"$(inherited)",
					"DEBUG=1",
				);
				GCC_WARN_64_TO_32_BIT_CONVERSION = YES;
				GCC_WARN_ABOUT_RETURN_TYPE = YES_ERROR;
				GCC_WARN_UNDECLARED_SELECTOR = YES;
				GCC_WARN_UNINITIALIZED_AUTOS = YES_AGGRESSIVE;
				GCC_WARN_UNUSED_FUNCTION = YES;
				GCC_WARN_UNUSED_VARIABLE = YES;
				GENERATE_INFOPLIST_FILE = YES;
				MACOSX_DEPLOYMENT_TARGET = 15.6;
				MARKETING_VERSION = 0.1.0;
				MTL_ENABLE_DEBUG_INFO = INCLUDE_SOURCE;
				MTL_FAST_MATH = YES;
				ONLY_ACTIVE_ARCH = YES;
				PRODUCT_NAME = "$(TARGET_NAME)";
				SDKROOT = macosx;
				SWIFT_ACTIVE_COMPILATION_CONDITIONS = DEBUG;
				SWIFT_OPTIMIZATION_LEVEL = "-Onone";
				SWIFT_VERSION = 5.10;
			};
			name = Debug;
		};
		9425A72328EB9A24D3AAB00F /* Debug */ = {
			isa = XCBuildConfiguration;
			buildSettings = {
				BUNDLE_LOADER = "$(TEST_HOST)";
				COMBINE_HIDPI_IMAGES = YES;
				GENERATE_INFOPLIST_FILE = YES;
				LD_RUNPATH_SEARCH_PATHS = (
					"$(inherited)",
					"@executable_path/../Frameworks",
					"@loader_path/../Frameworks",
				);
				PRODUCT_BUNDLE_IDENTIFIER = com.kaps.docnest.tests;
				SDKROOT = macosx;
				TEST_HOST = "$(BUILT_PRODUCTS_DIR)/DocNest.app/Contents/MacOS/DocNest";
			};
			name = Debug;
		};
		B2C3075FB9DB09E29559FD7F /* Release */ = {
			isa = XCBuildConfiguration;
			buildSettings = {
				BUNDLE_LOADER = "$(TEST_HOST)";
				COMBINE_HIDPI_IMAGES = YES;
				GENERATE_INFOPLIST_FILE = YES;
				LD_RUNPATH_SEARCH_PATHS = (
					"$(inherited)",
					"@executable_path/../Frameworks",
					"@loader_path/../Frameworks",
				);
				PRODUCT_BUNDLE_IDENTIFIER = com.kaps.docnest.tests;
				SDKROOT = macosx;
				TEST_HOST = "$(BUILT_PRODUCTS_DIR)/DocNest.app/Contents/MacOS/DocNest";
			};
			name = Release;
		};
/* End XCBuildConfiguration section */

/* Begin XCConfigurationList section */
		0CC5E348A3D8280846408E4C /* Build configuration list for PBXNativeTarget "DocNestUITests" */ = {
			isa = XCConfigurationList;
			buildConfigurations = (
				73CF3E66EDA0DCBA9AC979D5 /* Debug */,
				4360A90AC4F5EBA34C3F7FCB /* Release */,
			);
			defaultConfigurationIsVisible = 0;
			defaultConfigurationName = Debug;
		};
		370ADEE3E5637A5BA4AEF87F /* Build configuration list for PBXProject "DocNest" */ = {
			isa = XCConfigurationList;
			buildConfigurations = (
				857E800B2D254D7DCB21166A /* Debug */,
				019A9E9561EE31E9D73D84B1 /* Release */,
			);
			defaultConfigurationIsVisible = 0;
			defaultConfigurationName = Debug;
		};
		611ACD28C201B9892D5A1644 /* Build configuration list for PBXNativeTarget "DocNestTests" */ = {
			isa = XCConfigurationList;
			buildConfigurations = (
				9425A72328EB9A24D3AAB00F /* Debug */,
				B2C3075FB9DB09E29559FD7F /* Release */,
			);
			defaultConfigurationIsVisible = 0;
			defaultConfigurationName = Debug;
		};
		B32371BEDEE830C5F8C32F9E /* Build configuration list for PBXNativeTarget "DocNest" */ = {
			isa = XCConfigurationList;
			buildConfigurations = (
				715CEF9BFA55AA737F195894 /* Debug */,
				03969A89C7F3CF490140BD19 /* Release */,
			);
			defaultConfigurationIsVisible = 0;
			defaultConfigurationName = Debug;
		};
/* End XCConfigurationList section */
	};
	rootObject = 1F0FE423E24180DDC11B5BD1 /* Project object */;
}
